// !$*UTF8*$!
{
	archiveVersion = 1;
	classes = {
	};
	objectVersion = 56;
	objects = {

/* Begin PBXBuildFile section */
		3909FA6D2B814DF2007D5A37 /* ViewfinderView.swift in Sources */ = {isa = PBXBuildFile; fileRef = 3909FA5F2B814DF1007D5A37 /* ViewfinderView.swift */; };
		3909FA6E2B814DF2007D5A37 /* Camera.swift in Sources */ = {isa = PBXBuildFile; fileRef = 3909FA602B814DF1007D5A37 /* Camera.swift */; };
		3909FA6F2B814DF2007D5A37 /* PhotoItemView.swift in Sources */ = {isa = PBXBuildFile; fileRef = 3909FA612B814DF1007D5A37 /* PhotoItemView.swift */; };
		3909FA702B814DF2007D5A37 /* ThumbnailView.swift in Sources */ = {isa = PBXBuildFile; fileRef = 3909FA622B814DF1007D5A37 /* ThumbnailView.swift */; };
		3909FA712B814DF2007D5A37 /* CachedImageManager.swift in Sources */ = {isa = PBXBuildFile; fileRef = 3909FA632B814DF1007D5A37 /* CachedImageManager.swift */; };
		3909FA722B814DF2007D5A37 /* PhotoView.swift in Sources */ = {isa = PBXBuildFile; fileRef = 3909FA642B814DF1007D5A37 /* PhotoView.swift */; };
		3909FA732B814DF2007D5A37 /* CameraView.swift in Sources */ = {isa = PBXBuildFile; fileRef = 3909FA652B814DF1007D5A37 /* CameraView.swift */; };
		3909FA742B814DF2007D5A37 /* PhotoAssetCollection.swift in Sources */ = {isa = PBXBuildFile; fileRef = 3909FA662B814DF1007D5A37 /* PhotoAssetCollection.swift */; };
		3909FA752B814DF2007D5A37 /* DataModel.swift in Sources */ = {isa = PBXBuildFile; fileRef = 3909FA672B814DF2007D5A37 /* DataModel.swift */; };
		3909FA762B814DF2007D5A37 /* PhotoCollectionView.swift in Sources */ = {isa = PBXBuildFile; fileRef = 3909FA682B814DF2007D5A37 /* PhotoCollectionView.swift */; };
		3909FA772B814DF2007D5A37 /* PhotoLibrary.swift in Sources */ = {isa = PBXBuildFile; fileRef = 3909FA692B814DF2007D5A37 /* PhotoLibrary.swift */; };
		3909FA782B814DF2007D5A37 /* PhotoAsset.swift in Sources */ = {isa = PBXBuildFile; fileRef = 3909FA6A2B814DF2007D5A37 /* PhotoAsset.swift */; };
		3909FA792B814DF2007D5A37 /* PhotoCollection.swift in Sources */ = {isa = PBXBuildFile; fileRef = 3909FA6B2B814DF2007D5A37 /* PhotoCollection.swift */; };
		3978D2CA2B80C7670017526C /* FoodieApp.swift in Sources */ = {isa = PBXBuildFile; fileRef = 3978D2C92B80C7670017526C /* FoodieApp.swift */; };
		3978D2CF2B80C7670017526C /* Foodie.xcdatamodeld in Sources */ = {isa = PBXBuildFile; fileRef = 3978D2CD2B80C7670017526C /* Foodie.xcdatamodeld */; };
		3978D2D12B80C7670017526C /* ContentView.swift in Sources */ = {isa = PBXBuildFile; fileRef = 3978D2D02B80C7670017526C /* ContentView.swift */; };
		3978D2D32B80C76A0017526C /* Assets.xcassets in Resources */ = {isa = PBXBuildFile; fileRef = 3978D2D22B80C76A0017526C /* Assets.xcassets */; };
		3978D2D72B80C76A0017526C /* Preview Assets.xcassets in Resources */ = {isa = PBXBuildFile; fileRef = 3978D2D62B80C76A0017526C /* Preview Assets.xcassets */; };
		3978D2E12B80C76A0017526C /* FoodieTests.swift in Sources */ = {isa = PBXBuildFile; fileRef = 3978D2E02B80C76A0017526C /* FoodieTests.swift */; };
		3978D2EB2B80C76A0017526C /* FoodieUITests.swift in Sources */ = {isa = PBXBuildFile; fileRef = 3978D2EA2B80C76A0017526C /* FoodieUITests.swift */; };
		3978D2ED2B80C76A0017526C /* FoodieUITestsLaunchTests.swift in Sources */ = {isa = PBXBuildFile; fileRef = 3978D2EC2B80C76A0017526C /* FoodieUITestsLaunchTests.swift */; };
		3978D2FB2B8116EB0017526C /* Supabase.swift in Sources */ = {isa = PBXBuildFile; fileRef = 3978D2FA2B8116EB0017526C /* Supabase.swift */; };
		3978D2FE2B8117670017526C /* AuthView.swift in Sources */ = {isa = PBXBuildFile; fileRef = 3978D2FD2B8117670017526C /* AuthView.swift */; };
		3978D3002B8119FD0017526C /* ProfileView.swift in Sources */ = {isa = PBXBuildFile; fileRef = 3978D2FF2B8119FD0017526C /* ProfileView.swift */; };
		3978D3022B811AF30017526C /* Auth in Frameworks */ = {isa = PBXBuildFile; productRef = 3978D3012B811AF30017526C /* Auth */; };
		3978D3042B811AF30017526C /* Functions in Frameworks */ = {isa = PBXBuildFile; productRef = 3978D3032B811AF30017526C /* Functions */; };
		3978D3062B811AF30017526C /* PostgREST in Frameworks */ = {isa = PBXBuildFile; productRef = 3978D3052B811AF30017526C /* PostgREST */; };
		3978D3082B811AF30017526C /* Realtime in Frameworks */ = {isa = PBXBuildFile; productRef = 3978D3072B811AF30017526C /* Realtime */; };
		3978D30A2B811AF30017526C /* Storage in Frameworks */ = {isa = PBXBuildFile; productRef = 3978D3092B811AF30017526C /* Storage */; };
		3978D30C2B811AF30017526C /* Supabase in Frameworks */ = {isa = PBXBuildFile; productRef = 3978D30B2B811AF30017526C /* Supabase */; };
		3978D3102B8120000017526C /* Models.swift in Sources */ = {isa = PBXBuildFile; fileRef = 3978D30F2B8120000017526C /* Models.swift */; };
		3978D3152B8124ED0017526C /* Home.swift in Sources */ = {isa = PBXBuildFile; fileRef = 3978D3142B8124EC0017526C /* Home.swift */; };
		3978D3172B812A7B0017526C /* Permissions.swift in Sources */ = {isa = PBXBuildFile; fileRef = 3978D3162B812A7B0017526C /* Permissions.swift */; };
		3978D3192B8132FA0017526C /* PermissionsView.swift in Sources */ = {isa = PBXBuildFile; fileRef = 3978D3182B8132FA0017526C /* PermissionsView.swift */; };
		39939DB62B815F900061D0AF /* CameraApp.swift in Sources */ = {isa = PBXBuildFile; fileRef = 39939DB52B815F900061D0AF /* CameraApp.swift */; };
		39939DB82B8167910061D0AF /* InverseMask.swift in Sources */ = {isa = PBXBuildFile; fileRef = 39939DB72B8167910061D0AF /* InverseMask.swift */; };
		39939DBA2B8169A50061D0AF /* FoodInfoView.swift in Sources */ = {isa = PBXBuildFile; fileRef = 39939DB92B8169A50061D0AF /* FoodInfoView.swift */; };
/* End PBXBuildFile section */

/* Begin PBXContainerItemProxy section */
		3978D2DD2B80C76A0017526C /* PBXContainerItemProxy */ = {
			isa = PBXContainerItemProxy;
			containerPortal = 3978D2BE2B80C7670017526C /* Project object */;
			proxyType = 1;
			remoteGlobalIDString = 3978D2C52B80C7670017526C;
			remoteInfo = Foodie;
		};
		3978D2E72B80C76A0017526C /* PBXContainerItemProxy */ = {
			isa = PBXContainerItemProxy;
			containerPortal = 3978D2BE2B80C7670017526C /* Project object */;
			proxyType = 1;
			remoteGlobalIDString = 3978D2C52B80C7670017526C;
			remoteInfo = Foodie;
		};
/* End PBXContainerItemProxy section */

/* Begin PBXFileReference section */
		3909FA5F2B814DF1007D5A37 /* ViewfinderView.swift */ = {isa = PBXFileReference; fileEncoding = 4; lastKnownFileType = sourcecode.swift; name = ViewfinderView.swift; path = "../../../../../Downloads/Capturing Photos.swiftpm/App/ViewfinderView.swift"; sourceTree = "<group>"; };
		3909FA602B814DF1007D5A37 /* Camera.swift */ = {isa = PBXFileReference; fileEncoding = 4; lastKnownFileType = sourcecode.swift; name = Camera.swift; path = "../../../../../Downloads/Capturing Photos.swiftpm/App/Camera.swift"; sourceTree = "<group>"; };
		3909FA612B814DF1007D5A37 /* PhotoItemView.swift */ = {isa = PBXFileReference; fileEncoding = 4; lastKnownFileType = sourcecode.swift; name = PhotoItemView.swift; path = "../../../../../Downloads/Capturing Photos.swiftpm/App/PhotoItemView.swift"; sourceTree = "<group>"; };
		3909FA622B814DF1007D5A37 /* ThumbnailView.swift */ = {isa = PBXFileReference; fileEncoding = 4; lastKnownFileType = sourcecode.swift; name = ThumbnailView.swift; path = "../../../../../Downloads/Capturing Photos.swiftpm/App/ThumbnailView.swift"; sourceTree = "<group>"; };
		3909FA632B814DF1007D5A37 /* CachedImageManager.swift */ = {isa = PBXFileReference; fileEncoding = 4; lastKnownFileType = sourcecode.swift; name = CachedImageManager.swift; path = "../../../../../Downloads/Capturing Photos.swiftpm/App/CachedImageManager.swift"; sourceTree = "<group>"; };
		3909FA642B814DF1007D5A37 /* PhotoView.swift */ = {isa = PBXFileReference; fileEncoding = 4; lastKnownFileType = sourcecode.swift; name = PhotoView.swift; path = "../../../../../Downloads/Capturing Photos.swiftpm/App/PhotoView.swift"; sourceTree = "<group>"; };
		3909FA652B814DF1007D5A37 /* CameraView.swift */ = {isa = PBXFileReference; fileEncoding = 4; lastKnownFileType = sourcecode.swift; name = CameraView.swift; path = "../../../../../Downloads/Capturing Photos.swiftpm/App/CameraView.swift"; sourceTree = "<group>"; };
		3909FA662B814DF1007D5A37 /* PhotoAssetCollection.swift */ = {isa = PBXFileReference; fileEncoding = 4; lastKnownFileType = sourcecode.swift; name = PhotoAssetCollection.swift; path = "../../../../../Downloads/Capturing Photos.swiftpm/App/PhotoAssetCollection.swift"; sourceTree = "<group>"; };
		3909FA672B814DF2007D5A37 /* DataModel.swift */ = {isa = PBXFileReference; fileEncoding = 4; lastKnownFileType = sourcecode.swift; name = DataModel.swift; path = "../../../../../Downloads/Capturing Photos.swiftpm/App/DataModel.swift"; sourceTree = "<group>"; };
		3909FA682B814DF2007D5A37 /* PhotoCollectionView.swift */ = {isa = PBXFileReference; fileEncoding = 4; lastKnownFileType = sourcecode.swift; name = PhotoCollectionView.swift; path = "../../../../../Downloads/Capturing Photos.swiftpm/App/PhotoCollectionView.swift"; sourceTree = "<group>"; };
		3909FA692B814DF2007D5A37 /* PhotoLibrary.swift */ = {isa = PBXFileReference; fileEncoding = 4; lastKnownFileType = sourcecode.swift; name = PhotoLibrary.swift; path = "../../../../../Downloads/Capturing Photos.swiftpm/App/PhotoLibrary.swift"; sourceTree = "<group>"; };
		3909FA6A2B814DF2007D5A37 /* PhotoAsset.swift */ = {isa = PBXFileReference; fileEncoding = 4; lastKnownFileType = sourcecode.swift; name = PhotoAsset.swift; path = "../../../../../Downloads/Capturing Photos.swiftpm/App/PhotoAsset.swift"; sourceTree = "<group>"; };
		3909FA6B2B814DF2007D5A37 /* PhotoCollection.swift */ = {isa = PBXFileReference; fileEncoding = 4; lastKnownFileType = sourcecode.swift; name = PhotoCollection.swift; path = "../../../../../Downloads/Capturing Photos.swiftpm/App/PhotoCollection.swift"; sourceTree = "<group>"; };
		3978D2C62B80C7670017526C /* Foodie.app */ = {isa = PBXFileReference; explicitFileType = wrapper.application; includeInIndex = 0; path = Foodie.app; sourceTree = BUILT_PRODUCTS_DIR; };
		3978D2C92B80C7670017526C /* FoodieApp.swift */ = {isa = PBXFileReference; lastKnownFileType = sourcecode.swift; path = FoodieApp.swift; sourceTree = "<group>"; };
		3978D2CE2B80C7670017526C /* Foodie.xcdatamodel */ = {isa = PBXFileReference; lastKnownFileType = wrapper.xcdatamodel; path = Foodie.xcdatamodel; sourceTree = "<group>"; };
		3978D2D02B80C7670017526C /* ContentView.swift */ = {isa = PBXFileReference; lastKnownFileType = sourcecode.swift; path = ContentView.swift; sourceTree = "<group>"; };
		3978D2D22B80C76A0017526C /* Assets.xcassets */ = {isa = PBXFileReference; lastKnownFileType = folder.assetcatalog; path = Assets.xcassets; sourceTree = "<group>"; };
		3978D2D42B80C76A0017526C /* Foodie.entitlements */ = {isa = PBXFileReference; lastKnownFileType = text.plist.entitlements; path = Foodie.entitlements; sourceTree = "<group>"; };
		3978D2D62B80C76A0017526C /* Preview Assets.xcassets */ = {isa = PBXFileReference; lastKnownFileType = folder.assetcatalog; path = "Preview Assets.xcassets"; sourceTree = "<group>"; };
		3978D2DC2B80C76A0017526C /* FoodieTests.xctest */ = {isa = PBXFileReference; explicitFileType = wrapper.cfbundle; includeInIndex = 0; path = FoodieTests.xctest; sourceTree = BUILT_PRODUCTS_DIR; };
		3978D2E02B80C76A0017526C /* FoodieTests.swift */ = {isa = PBXFileReference; lastKnownFileType = sourcecode.swift; path = FoodieTests.swift; sourceTree = "<group>"; };
		3978D2E62B80C76A0017526C /* FoodieUITests.xctest */ = {isa = PBXFileReference; explicitFileType = wrapper.cfbundle; includeInIndex = 0; path = FoodieUITests.xctest; sourceTree = BUILT_PRODUCTS_DIR; };
		3978D2EA2B80C76A0017526C /* FoodieUITests.swift */ = {isa = PBXFileReference; lastKnownFileType = sourcecode.swift; path = FoodieUITests.swift; sourceTree = "<group>"; };
		3978D2EC2B80C76A0017526C /* FoodieUITestsLaunchTests.swift */ = {isa = PBXFileReference; lastKnownFileType = sourcecode.swift; path = FoodieUITestsLaunchTests.swift; sourceTree = "<group>"; };
		3978D2FA2B8116EB0017526C /* Supabase.swift */ = {isa = PBXFileReference; lastKnownFileType = sourcecode.swift; path = Supabase.swift; sourceTree = "<group>"; };
		3978D2FD2B8117670017526C /* AuthView.swift */ = {isa = PBXFileReference; lastKnownFileType = sourcecode.swift; path = AuthView.swift; sourceTree = "<group>"; };
		3978D2FF2B8119FD0017526C /* ProfileView.swift */ = {isa = PBXFileReference; lastKnownFileType = sourcecode.swift; path = ProfileView.swift; sourceTree = "<group>"; };
		3978D30F2B8120000017526C /* Models.swift */ = {isa = PBXFileReference; lastKnownFileType = sourcecode.swift; path = Models.swift; sourceTree = "<group>"; };
		3978D3132B8123ED0017526C /* Info.plist */ = {isa = PBXFileReference; lastKnownFileType = text.plist; path = Info.plist; sourceTree = "<group>"; };
		3978D3142B8124EC0017526C /* Home.swift */ = {isa = PBXFileReference; lastKnownFileType = sourcecode.swift; path = Home.swift; sourceTree = "<group>"; };
		3978D3162B812A7B0017526C /* Permissions.swift */ = {isa = PBXFileReference; lastKnownFileType = sourcecode.swift; path = Permissions.swift; sourceTree = "<group>"; };
		3978D3182B8132FA0017526C /* PermissionsView.swift */ = {isa = PBXFileReference; lastKnownFileType = sourcecode.swift; path = PermissionsView.swift; sourceTree = "<group>"; };
		39939DB52B815F900061D0AF /* CameraApp.swift */ = {isa = PBXFileReference; lastKnownFileType = sourcecode.swift; path = CameraApp.swift; sourceTree = "<group>"; };
		39939DB72B8167910061D0AF /* InverseMask.swift */ = {isa = PBXFileReference; lastKnownFileType = sourcecode.swift; path = InverseMask.swift; sourceTree = "<group>"; };
		39939DB92B8169A50061D0AF /* FoodInfoView.swift */ = {isa = PBXFileReference; lastKnownFileType = sourcecode.swift; path = FoodInfoView.swift; sourceTree = "<group>"; };
/* End PBXFileReference section */

/* Begin PBXFrameworksBuildPhase section */
		3978D2C32B80C7670017526C /* Frameworks */ = {
			isa = PBXFrameworksBuildPhase;
			buildActionMask = 2147483647;
			files = (
				3978D3062B811AF30017526C /* PostgREST in Frameworks */,
				3978D3042B811AF30017526C /* Functions in Frameworks */,
				3978D30C2B811AF30017526C /* Supabase in Frameworks */,
				3978D3022B811AF30017526C /* Auth in Frameworks */,
				3978D30A2B811AF30017526C /* Storage in Frameworks */,
				3978D3082B811AF30017526C /* Realtime in Frameworks */,
			);
			runOnlyForDeploymentPostprocessing = 0;
		};
		3978D2D92B80C76A0017526C /* Frameworks */ = {
			isa = PBXFrameworksBuildPhase;
			buildActionMask = 2147483647;
			files = (
			);
			runOnlyForDeploymentPostprocessing = 0;
		};
		3978D2E32B80C76A0017526C /* Frameworks */ = {
			isa = PBXFrameworksBuildPhase;
			buildActionMask = 2147483647;
			files = (
			);
			runOnlyForDeploymentPostprocessing = 0;
		};
/* End PBXFrameworksBuildPhase section */

/* Begin PBXGroup section */
		3909FA5E2B814DD5007D5A37 /* Camera */ = {
			isa = PBXGroup;
			children = (
				3909FA632B814DF1007D5A37 /* CachedImageManager.swift */,
				3909FA602B814DF1007D5A37 /* Camera.swift */,
				3909FA652B814DF1007D5A37 /* CameraView.swift */,
				39939DB52B815F900061D0AF /* CameraApp.swift */,
				3909FA672B814DF2007D5A37 /* DataModel.swift */,
				3909FA6A2B814DF2007D5A37 /* PhotoAsset.swift */,
				3909FA662B814DF1007D5A37 /* PhotoAssetCollection.swift */,
				3909FA6B2B814DF2007D5A37 /* PhotoCollection.swift */,
				3909FA682B814DF2007D5A37 /* PhotoCollectionView.swift */,
				3909FA612B814DF1007D5A37 /* PhotoItemView.swift */,
				3909FA692B814DF2007D5A37 /* PhotoLibrary.swift */,
				3909FA642B814DF1007D5A37 /* PhotoView.swift */,
				3909FA622B814DF1007D5A37 /* ThumbnailView.swift */,
				3909FA5F2B814DF1007D5A37 /* ViewfinderView.swift */,
				39939DB72B8167910061D0AF /* InverseMask.swift */,
				39939DB92B8169A50061D0AF /* FoodInfoView.swift */,
			);
			path = Camera;
			sourceTree = "<group>";
		};
		3978D2BD2B80C7670017526C = {
			isa = PBXGroup;
			children = (
				3978D2C82B80C7670017526C /* Foodie */,
				3978D2DF2B80C76A0017526C /* FoodieTests */,
				3978D2E92B80C76A0017526C /* FoodieUITests */,
				3978D2C72B80C7670017526C /* Products */,
			);
			sourceTree = "<group>";
		};
		3978D2C72B80C7670017526C /* Products */ = {
			isa = PBXGroup;
			children = (
				3978D2C62B80C7670017526C /* Foodie.app */,
				3978D2DC2B80C76A0017526C /* FoodieTests.xctest */,
				3978D2E62B80C76A0017526C /* FoodieUITests.xctest */,
			);
			name = Products;
			sourceTree = "<group>";
		};
		3978D2C82B80C7670017526C /* Foodie */ = {
			isa = PBXGroup;
			children = (
				3978D3132B8123ED0017526C /* Info.plist */,
				3909FA5E2B814DD5007D5A37 /* Camera */,
				3978D30E2B811FF20017526C /* Models */,
				3978D2FC2B8117530017526C /* Auth */,
				3978D2C92B80C7670017526C /* FoodieApp.swift */,
				3978D2D02B80C7670017526C /* ContentView.swift */,
				3978D2FA2B8116EB0017526C /* Supabase.swift */,
				3978D3142B8124EC0017526C /* Home.swift */,
				3978D3162B812A7B0017526C /* Permissions.swift */,
				3978D3182B8132FA0017526C /* PermissionsView.swift */,
				3978D2D22B80C76A0017526C /* Assets.xcassets */,
				3978D2D42B80C76A0017526C /* Foodie.entitlements */,
				3978D2CD2B80C7670017526C /* Foodie.xcdatamodeld */,
				3978D2D52B80C76A0017526C /* Preview Content */,
			);
			path = Foodie;
			sourceTree = "<group>";
		};
		3978D2D52B80C76A0017526C /* Preview Content */ = {
			isa = PBXGroup;
			children = (
				3978D2D62B80C76A0017526C /* Preview Assets.xcassets */,
			);
			path = "Preview Content";
			sourceTree = "<group>";
		};
		3978D2DF2B80C76A0017526C /* FoodieTests */ = {
			isa = PBXGroup;
			children = (
				3978D2E02B80C76A0017526C /* FoodieTests.swift */,
			);
			path = FoodieTests;
			sourceTree = "<group>";
		};
		3978D2E92B80C76A0017526C /* FoodieUITests */ = {
			isa = PBXGroup;
			children = (
				3978D2EA2B80C76A0017526C /* FoodieUITests.swift */,
				3978D2EC2B80C76A0017526C /* FoodieUITestsLaunchTests.swift */,
			);
			path = FoodieUITests;
			sourceTree = "<group>";
		};
		3978D2FC2B8117530017526C /* Auth */ = {
			isa = PBXGroup;
			children = (
				3978D2FD2B8117670017526C /* AuthView.swift */,
				3978D2FF2B8119FD0017526C /* ProfileView.swift */,
			);
			path = Auth;
			sourceTree = "<group>";
		};
		3978D30E2B811FF20017526C /* Models */ = {
			isa = PBXGroup;
			children = (
				3978D30F2B8120000017526C /* Models.swift */,
			);
			path = Models;
			sourceTree = "<group>";
		};
/* End PBXGroup section */

/* Begin PBXNativeTarget section */
		3978D2C52B80C7670017526C /* Foodie */ = {
			isa = PBXNativeTarget;
			buildConfigurationList = 3978D2F02B80C76A0017526C /* Build configuration list for PBXNativeTarget "Foodie" */;
			buildPhases = (
				3978D2C22B80C7670017526C /* Sources */,
				3978D2C32B80C7670017526C /* Frameworks */,
				3978D2C42B80C7670017526C /* Resources */,
			);
			buildRules = (
			);
			dependencies = (
			);
			name = Foodie;
			packageProductDependencies = (
				3978D3012B811AF30017526C /* Auth */,
				3978D3032B811AF30017526C /* Functions */,
				3978D3052B811AF30017526C /* PostgREST */,
				3978D3072B811AF30017526C /* Realtime */,
				3978D3092B811AF30017526C /* Storage */,
				3978D30B2B811AF30017526C /* Supabase */,
			);
			productName = Foodie;
			productReference = 3978D2C62B80C7670017526C /* Foodie.app */;
			productType = "com.apple.product-type.application";
		};
		3978D2DB2B80C76A0017526C /* FoodieTests */ = {
			isa = PBXNativeTarget;
			buildConfigurationList = 3978D2F32B80C76A0017526C /* Build configuration list for PBXNativeTarget "FoodieTests" */;
			buildPhases = (
				3978D2D82B80C76A0017526C /* Sources */,
				3978D2D92B80C76A0017526C /* Frameworks */,
				3978D2DA2B80C76A0017526C /* Resources */,
			);
			buildRules = (
			);
			dependencies = (
				3978D2DE2B80C76A0017526C /* PBXTargetDependency */,
			);
			name = FoodieTests;
			productName = FoodieTests;
			productReference = 3978D2DC2B80C76A0017526C /* FoodieTests.xctest */;
			productType = "com.apple.product-type.bundle.unit-test";
		};
		3978D2E52B80C76A0017526C /* FoodieUITests */ = {
			isa = PBXNativeTarget;
			buildConfigurationList = 3978D2F62B80C76A0017526C /* Build configuration list for PBXNativeTarget "FoodieUITests" */;
			buildPhases = (
				3978D2E22B80C76A0017526C /* Sources */,
				3978D2E32B80C76A0017526C /* Frameworks */,
				3978D2E42B80C76A0017526C /* Resources */,
			);
			buildRules = (
			);
			dependencies = (
				3978D2E82B80C76A0017526C /* PBXTargetDependency */,
			);
			name = FoodieUITests;
			productName = FoodieUITests;
			productReference = 3978D2E62B80C76A0017526C /* FoodieUITests.xctest */;
			productType = "com.apple.product-type.bundle.ui-testing";
		};
/* End PBXNativeTarget section */

/* Begin PBXProject section */
		3978D2BE2B80C7670017526C /* Project object */ = {
			isa = PBXProject;
			attributes = {
				BuildIndependentTargetsInParallel = 1;
				LastSwiftUpdateCheck = 1500;
				LastUpgradeCheck = 1500;
				TargetAttributes = {
					3978D2C52B80C7670017526C = {
						CreatedOnToolsVersion = 15.0.1;
					};
					3978D2DB2B80C76A0017526C = {
						CreatedOnToolsVersion = 15.0.1;
						TestTargetID = 3978D2C52B80C7670017526C;
					};
					3978D2E52B80C76A0017526C = {
						CreatedOnToolsVersion = 15.0.1;
						TestTargetID = 3978D2C52B80C7670017526C;
					};
				};
			};
			buildConfigurationList = 3978D2C12B80C7670017526C /* Build configuration list for PBXProject "Foodie" */;
			compatibilityVersion = "Xcode 14.0";
			developmentRegion = en;
			hasScannedForEncodings = 0;
			knownRegions = (
				en,
				Base,
			);
			mainGroup = 3978D2BD2B80C7670017526C;
			packageReferences = (
				3978D2F92B8116730017526C /* XCRemoteSwiftPackageReference "supabase-swift" */,
			);
			productRefGroup = 3978D2C72B80C7670017526C /* Products */;
			projectDirPath = "";
			projectRoot = "";
			targets = (
				3978D2C52B80C7670017526C /* Foodie */,
				3978D2DB2B80C76A0017526C /* FoodieTests */,
				3978D2E52B80C76A0017526C /* FoodieUITests */,
			);
		};
/* End PBXProject section */

/* Begin PBXResourcesBuildPhase section */
		3978D2C42B80C7670017526C /* Resources */ = {
			isa = PBXResourcesBuildPhase;
			buildActionMask = 2147483647;
			files = (
				3978D2D72B80C76A0017526C /* Preview Assets.xcassets in Resources */,
				3978D2D32B80C76A0017526C /* Assets.xcassets in Resources */,
			);
			runOnlyForDeploymentPostprocessing = 0;
		};
		3978D2DA2B80C76A0017526C /* Resources */ = {
			isa = PBXResourcesBuildPhase;
			buildActionMask = 2147483647;
			files = (
			);
			runOnlyForDeploymentPostprocessing = 0;
		};
		3978D2E42B80C76A0017526C /* Resources */ = {
			isa = PBXResourcesBuildPhase;
			buildActionMask = 2147483647;
			files = (
			);
			runOnlyForDeploymentPostprocessing = 0;
		};
/* End PBXResourcesBuildPhase section */

/* Begin PBXSourcesBuildPhase section */
		3978D2C22B80C7670017526C /* Sources */ = {
			isa = PBXSourcesBuildPhase;
			buildActionMask = 2147483647;
			files = (
				3909FA6F2B814DF2007D5A37 /* PhotoItemView.swift in Sources */,
				3909FA762B814DF2007D5A37 /* PhotoCollectionView.swift in Sources */,
				3978D2FB2B8116EB0017526C /* Supabase.swift in Sources */,
				3978D2CA2B80C7670017526C /* FoodieApp.swift in Sources */,
				39939DBA2B8169A50061D0AF /* FoodInfoView.swift in Sources */,
				39939DB62B815F900061D0AF /* CameraApp.swift in Sources */,
				3909FA772B814DF2007D5A37 /* PhotoLibrary.swift in Sources */,
				3978D2FE2B8117670017526C /* AuthView.swift in Sources */,
				3978D3192B8132FA0017526C /* PermissionsView.swift in Sources */,
				3909FA702B814DF2007D5A37 /* ThumbnailView.swift in Sources */,
				3978D3102B8120000017526C /* Models.swift in Sources */,
				3909FA792B814DF2007D5A37 /* PhotoCollection.swift in Sources */,
				39939DB82B8167910061D0AF /* InverseMask.swift in Sources */,
				3909FA742B814DF2007D5A37 /* PhotoAssetCollection.swift in Sources */,
				3909FA712B814DF2007D5A37 /* CachedImageManager.swift in Sources */,
				3978D3172B812A7B0017526C /* Permissions.swift in Sources */,
				3909FA6D2B814DF2007D5A37 /* ViewfinderView.swift in Sources */,
				3978D2CF2B80C7670017526C /* Foodie.xcdatamodeld in Sources */,
				3909FA6E2B814DF2007D5A37 /* Camera.swift in Sources */,
				3909FA732B814DF2007D5A37 /* CameraView.swift in Sources */,
				3909FA752B814DF2007D5A37 /* DataModel.swift in Sources */,
				3978D2D12B80C7670017526C /* ContentView.swift in Sources */,
				3978D3152B8124ED0017526C /* Home.swift in Sources */,
				3978D3002B8119FD0017526C /* ProfileView.swift in Sources */,
				3909FA722B814DF2007D5A37 /* PhotoView.swift in Sources */,
				3909FA782B814DF2007D5A37 /* PhotoAsset.swift in Sources */,
			);
			runOnlyForDeploymentPostprocessing = 0;
		};
		3978D2D82B80C76A0017526C /* Sources */ = {
			isa = PBXSourcesBuildPhase;
			buildActionMask = 2147483647;
			files = (
				3978D2E12B80C76A0017526C /* FoodieTests.swift in Sources */,
			);
			runOnlyForDeploymentPostprocessing = 0;
		};
		3978D2E22B80C76A0017526C /* Sources */ = {
			isa = PBXSourcesBuildPhase;
			buildActionMask = 2147483647;
			files = (
				3978D2ED2B80C76A0017526C /* FoodieUITestsLaunchTests.swift in Sources */,
				3978D2EB2B80C76A0017526C /* FoodieUITests.swift in Sources */,
			);
			runOnlyForDeploymentPostprocessing = 0;
		};
/* End PBXSourcesBuildPhase section */

/* Begin PBXTargetDependency section */
		3978D2DE2B80C76A0017526C /* PBXTargetDependency */ = {
			isa = PBXTargetDependency;
			target = 3978D2C52B80C7670017526C /* Foodie */;
			targetProxy = 3978D2DD2B80C76A0017526C /* PBXContainerItemProxy */;
		};
		3978D2E82B80C76A0017526C /* PBXTargetDependency */ = {
			isa = PBXTargetDependency;
			target = 3978D2C52B80C7670017526C /* Foodie */;
			targetProxy = 3978D2E72B80C76A0017526C /* PBXContainerItemProxy */;
		};
/* End PBXTargetDependency section */

/* Begin XCBuildConfiguration section */
		3978D2EE2B80C76A0017526C /* Debug */ = {
			isa = XCBuildConfiguration;
			buildSettings = {
				ALWAYS_SEARCH_USER_PATHS = NO;
				ASSETCATALOG_COMPILER_GENERATE_SWIFT_ASSET_SYMBOL_EXTENSIONS = YES;
				CLANG_ANALYZER_NONNULL = YES;
				CLANG_ANALYZER_NUMBER_OBJECT_CONVERSION = YES_AGGRESSIVE;
				CLANG_CXX_LANGUAGE_STANDARD = "gnu++20";
				CLANG_ENABLE_MODULES = YES;
				CLANG_ENABLE_OBJC_ARC = YES;
				CLANG_ENABLE_OBJC_WEAK = YES;
				CLANG_WARN_BLOCK_CAPTURE_AUTORELEASING = YES;
				CLANG_WARN_BOOL_CONVERSION = YES;
				CLANG_WARN_COMMA = YES;
				CLANG_WARN_CONSTANT_CONVERSION = YES;
				CLANG_WARN_DEPRECATED_OBJC_IMPLEMENTATIONS = YES;
				CLANG_WARN_DIRECT_OBJC_ISA_USAGE = YES_ERROR;
				CLANG_WARN_DOCUMENTATION_COMMENTS = YES;
				CLANG_WARN_EMPTY_BODY = YES;
				CLANG_WARN_ENUM_CONVERSION = YES;
				CLANG_WARN_INFINITE_RECURSION = YES;
				CLANG_WARN_INT_CONVERSION = YES;
				CLANG_WARN_NON_LITERAL_NULL_CONVERSION = YES;
				CLANG_WARN_OBJC_IMPLICIT_RETAIN_SELF = YES;
				CLANG_WARN_OBJC_LITERAL_CONVERSION = YES;
				CLANG_WARN_OBJC_ROOT_CLASS = YES_ERROR;
				CLANG_WARN_QUOTED_INCLUDE_IN_FRAMEWORK_HEADER = YES;
				CLANG_WARN_RANGE_LOOP_ANALYSIS = YES;
				CLANG_WARN_STRICT_PROTOTYPES = YES;
				CLANG_WARN_SUSPICIOUS_MOVE = YES;
				CLANG_WARN_UNGUARDED_AVAILABILITY = YES_AGGRESSIVE;
				CLANG_WARN_UNREACHABLE_CODE = YES;
				CLANG_WARN__DUPLICATE_METHOD_MATCH = YES;
				COPY_PHASE_STRIP = NO;
				DEBUG_INFORMATION_FORMAT = dwarf;
				ENABLE_STRICT_OBJC_MSGSEND = YES;
				ENABLE_TESTABILITY = YES;
				ENABLE_USER_SCRIPT_SANDBOXING = YES;
				GCC_C_LANGUAGE_STANDARD = gnu17;
				GCC_DYNAMIC_NO_PIC = NO;
				GCC_NO_COMMON_BLOCKS = YES;
				GCC_OPTIMIZATION_LEVEL = 0;
				GCC_PREPROCESSOR_DEFINITIONS = (
					"DEBUG=1",
					"$(inherited)",
				);
				GCC_WARN_64_TO_32_BIT_CONVERSION = YES;
				GCC_WARN_ABOUT_RETURN_TYPE = YES_ERROR;
				GCC_WARN_UNDECLARED_SELECTOR = YES;
				GCC_WARN_UNINITIALIZED_AUTOS = YES_AGGRESSIVE;
				GCC_WARN_UNUSED_FUNCTION = YES;
				GCC_WARN_UNUSED_VARIABLE = YES;
				LOCALIZATION_PREFERS_STRING_CATALOGS = YES;
				MTL_ENABLE_DEBUG_INFO = INCLUDE_SOURCE;
				MTL_FAST_MATH = YES;
				ONLY_ACTIVE_ARCH = YES;
				SWIFT_ACTIVE_COMPILATION_CONDITIONS = "DEBUG $(inherited)";
				SWIFT_OPTIMIZATION_LEVEL = "-Onone";
			};
			name = Debug;
		};
		3978D2EF2B80C76A0017526C /* Release */ = {
			isa = XCBuildConfiguration;
			buildSettings = {
				ALWAYS_SEARCH_USER_PATHS = NO;
				ASSETCATALOG_COMPILER_GENERATE_SWIFT_ASSET_SYMBOL_EXTENSIONS = YES;
				CLANG_ANALYZER_NONNULL = YES;
				CLANG_ANALYZER_NUMBER_OBJECT_CONVERSION = YES_AGGRESSIVE;
				CLANG_CXX_LANGUAGE_STANDARD = "gnu++20";
				CLANG_ENABLE_MODULES = YES;
				CLANG_ENABLE_OBJC_ARC = YES;
				CLANG_ENABLE_OBJC_WEAK = YES;
				CLANG_WARN_BLOCK_CAPTURE_AUTORELEASING = YES;
				CLANG_WARN_BOOL_CONVERSION = YES;
				CLANG_WARN_COMMA = YES;
				CLANG_WARN_CONSTANT_CONVERSION = YES;
				CLANG_WARN_DEPRECATED_OBJC_IMPLEMENTATIONS = YES;
				CLANG_WARN_DIRECT_OBJC_ISA_USAGE = YES_ERROR;
				CLANG_WARN_DOCUMENTATION_COMMENTS = YES;
				CLANG_WARN_EMPTY_BODY = YES;
				CLANG_WARN_ENUM_CONVERSION = YES;
				CLANG_WARN_INFINITE_RECURSION = YES;
				CLANG_WARN_INT_CONVERSION = YES;
				CLANG_WARN_NON_LITERAL_NULL_CONVERSION = YES;
				CLANG_WARN_OBJC_IMPLICIT_RETAIN_SELF = YES;
				CLANG_WARN_OBJC_LITERAL_CONVERSION = YES;
				CLANG_WARN_OBJC_ROOT_CLASS = YES_ERROR;
				CLANG_WARN_QUOTED_INCLUDE_IN_FRAMEWORK_HEADER = YES;
				CLANG_WARN_RANGE_LOOP_ANALYSIS = YES;
				CLANG_WARN_STRICT_PROTOTYPES = YES;
				CLANG_WARN_SUSPICIOUS_MOVE = YES;
				CLANG_WARN_UNGUARDED_AVAILABILITY = YES_AGGRESSIVE;
				CLANG_WARN_UNREACHABLE_CODE = YES;
				CLANG_WARN__DUPLICATE_METHOD_MATCH = YES;
				COPY_PHASE_STRIP = NO;
				DEBUG_INFORMATION_FORMAT = "dwarf-with-dsym";
				ENABLE_NS_ASSERTIONS = NO;
				ENABLE_STRICT_OBJC_MSGSEND = YES;
				ENABLE_USER_SCRIPT_SANDBOXING = YES;
				GCC_C_LANGUAGE_STANDARD = gnu17;
				GCC_NO_COMMON_BLOCKS = YES;
				GCC_WARN_64_TO_32_BIT_CONVERSION = YES;
				GCC_WARN_ABOUT_RETURN_TYPE = YES_ERROR;
				GCC_WARN_UNDECLARED_SELECTOR = YES;
				GCC_WARN_UNINITIALIZED_AUTOS = YES_AGGRESSIVE;
				GCC_WARN_UNUSED_FUNCTION = YES;
				GCC_WARN_UNUSED_VARIABLE = YES;
				LOCALIZATION_PREFERS_STRING_CATALOGS = YES;
				MTL_ENABLE_DEBUG_INFO = NO;
				MTL_FAST_MATH = YES;
				SWIFT_COMPILATION_MODE = wholemodule;
			};
			name = Release;
		};
		3978D2F12B80C76A0017526C /* Debug */ = {
			isa = XCBuildConfiguration;
			buildSettings = {
				ASSETCATALOG_COMPILER_APPICON_NAME = AppIcon;
				ASSETCATALOG_COMPILER_GLOBAL_ACCENT_COLOR_NAME = AccentColor;
				CODE_SIGN_ENTITLEMENTS = Foodie/Foodie.entitlements;
				CODE_SIGN_STYLE = Automatic;
				CURRENT_PROJECT_VERSION = 1;
				DEVELOPMENT_ASSET_PATHS = "\"Foodie/Preview Content\"";
				DEVELOPMENT_TEAM = JX23VX3L67;
				ENABLE_HARDENED_RUNTIME = YES;
				"ENABLE_HARDENED_RUNTIME[sdk=macosx*]" = YES;
				ENABLE_PREVIEWS = YES;
				GENERATE_INFOPLIST_FILE = YES;
				INFOPLIST_FILE = Foodie/Info.plist;
				INFOPLIST_KEY_NSCameraUsageDescription = "Allow us to use your camera to track your food journey!";
				INFOPLIST_KEY_NSLocationAlwaysAndWhenInUseUsageDescription = "Allow us to map where you've eaten!";
				"INFOPLIST_KEY_UIApplicationSceneManifest_Generation[sdk=iphoneos*]" = YES;
				"INFOPLIST_KEY_UIApplicationSceneManifest_Generation[sdk=iphonesimulator*]" = YES;
				"INFOPLIST_KEY_UIApplicationSupportsIndirectInputEvents[sdk=iphoneos*]" = YES;
				"INFOPLIST_KEY_UIApplicationSupportsIndirectInputEvents[sdk=iphonesimulator*]" = YES;
				"INFOPLIST_KEY_UILaunchScreen_Generation[sdk=iphoneos*]" = YES;
				"INFOPLIST_KEY_UILaunchScreen_Generation[sdk=iphonesimulator*]" = YES;
				"INFOPLIST_KEY_UIStatusBarStyle[sdk=iphoneos*]" = UIStatusBarStyleDefault;
				"INFOPLIST_KEY_UIStatusBarStyle[sdk=iphonesimulator*]" = UIStatusBarStyleDefault;
				INFOPLIST_KEY_UISupportedInterfaceOrientations_iPad = "UIInterfaceOrientationPortrait UIInterfaceOrientationPortraitUpsideDown UIInterfaceOrientationLandscapeLeft UIInterfaceOrientationLandscapeRight";
				INFOPLIST_KEY_UISupportedInterfaceOrientations_iPhone = "UIInterfaceOrientationPortrait UIInterfaceOrientationLandscapeLeft UIInterfaceOrientationLandscapeRight";
				IPHONEOS_DEPLOYMENT_TARGET = 17.0;
				LD_RUNPATH_SEARCH_PATHS = "@executable_path/Frameworks";
				"LD_RUNPATH_SEARCH_PATHS[sdk=macosx*]" = "@executable_path/../Frameworks";
				MACOSX_DEPLOYMENT_TARGET = 14.0;
				MARKETING_VERSION = 1.0;
				PRODUCT_BUNDLE_IDENTIFIER = Foodie.Foodie;
				"PRODUCT_BUNDLE_IDENTIFIER[sdk=iphoneos*]" = test.foodie;
				PRODUCT_NAME = "$(TARGET_NAME)";
				SDKROOT = auto;
				SUPPORTED_PLATFORMS = "iphoneos iphonesimulator macosx";
				SWIFT_EMIT_LOC_STRINGS = YES;
				SWIFT_VERSION = 5.0;
				TARGETED_DEVICE_FAMILY = "1,2";
			};
			name = Debug;
		};
		3978D2F22B80C76A0017526C /* Release */ = {
			isa = XCBuildConfiguration;
			buildSettings = {
				ASSETCATALOG_COMPILER_APPICON_NAME = AppIcon;
				ASSETCATALOG_COMPILER_GLOBAL_ACCENT_COLOR_NAME = AccentColor;
				CODE_SIGN_ENTITLEMENTS = Foodie/Foodie.entitlements;
				CODE_SIGN_STYLE = Automatic;
				CURRENT_PROJECT_VERSION = 1;
				DEVELOPMENT_ASSET_PATHS = "\"Foodie/Preview Content\"";
				DEVELOPMENT_TEAM = JX23VX3L67;
				ENABLE_HARDENED_RUNTIME = YES;
				"ENABLE_HARDENED_RUNTIME[sdk=macosx*]" = YES;
				ENABLE_PREVIEWS = YES;
				GENERATE_INFOPLIST_FILE = YES;
				INFOPLIST_FILE = Foodie/Info.plist;
				INFOPLIST_KEY_NSCameraUsageDescription = "Allow us to use your camera to track your food journey!";
				INFOPLIST_KEY_NSLocationAlwaysAndWhenInUseUsageDescription = "Allow us to map where you've eaten!";
				"INFOPLIST_KEY_UIApplicationSceneManifest_Generation[sdk=iphoneos*]" = YES;
				"INFOPLIST_KEY_UIApplicationSceneManifest_Generation[sdk=iphonesimulator*]" = YES;
				"INFOPLIST_KEY_UIApplicationSupportsIndirectInputEvents[sdk=iphoneos*]" = YES;
				"INFOPLIST_KEY_UIApplicationSupportsIndirectInputEvents[sdk=iphonesimulator*]" = YES;
				"INFOPLIST_KEY_UILaunchScreen_Generation[sdk=iphoneos*]" = YES;
				"INFOPLIST_KEY_UILaunchScreen_Generation[sdk=iphonesimulator*]" = YES;
				"INFOPLIST_KEY_UIStatusBarStyle[sdk=iphoneos*]" = UIStatusBarStyleDefault;
				"INFOPLIST_KEY_UIStatusBarStyle[sdk=iphonesimulator*]" = UIStatusBarStyleDefault;
				INFOPLIST_KEY_UISupportedInterfaceOrientations_iPad = "UIInterfaceOrientationPortrait UIInterfaceOrientationPortraitUpsideDown UIInterfaceOrientationLandscapeLeft UIInterfaceOrientationLandscapeRight";
				INFOPLIST_KEY_UISupportedInterfaceOrientations_iPhone = "UIInterfaceOrientationPortrait UIInterfaceOrientationLandscapeLeft UIInterfaceOrientationLandscapeRight";
				IPHONEOS_DEPLOYMENT_TARGET = 17.0;
				LD_RUNPATH_SEARCH_PATHS = "@executable_path/Frameworks";
				"LD_RUNPATH_SEARCH_PATHS[sdk=macosx*]" = "@executable_path/../Frameworks";
				MACOSX_DEPLOYMENT_TARGET = 14.0;
				MARKETING_VERSION = 1.0;
				PRODUCT_BUNDLE_IDENTIFIER = Foodie.Foodie;
				"PRODUCT_BUNDLE_IDENTIFIER[sdk=iphoneos*]" = test.foodie;
				PRODUCT_NAME = "$(TARGET_NAME)";
				SDKROOT = auto;
				SUPPORTED_PLATFORMS = "iphoneos iphonesimulator macosx";
				SWIFT_EMIT_LOC_STRINGS = YES;
				SWIFT_VERSION = 5.0;
				TARGETED_DEVICE_FAMILY = "1,2";
			};
			name = Release;
		};
		3978D2F42B80C76A0017526C /* Debug */ = {
			isa = XCBuildConfiguration;
			buildSettings = {
				ALWAYS_EMBED_SWIFT_STANDARD_LIBRARIES = YES;
				BUNDLE_LOADER = "$(TEST_HOST)";
				CODE_SIGN_STYLE = Automatic;
				CURRENT_PROJECT_VERSION = 1;
				DEVELOPMENT_TEAM = JX23VX3L67;
				GENERATE_INFOPLIST_FILE = YES;
				IPHONEOS_DEPLOYMENT_TARGET = 17.0;
				MACOSX_DEPLOYMENT_TARGET = 14.0;
				MARKETING_VERSION = 1.0;
				PRODUCT_BUNDLE_IDENTIFIER = Foodie.FoodieTests;
				PRODUCT_NAME = "$(TARGET_NAME)";
				SDKROOT = auto;
				SUPPORTED_PLATFORMS = "iphoneos iphonesimulator macosx";
				SWIFT_EMIT_LOC_STRINGS = NO;
				SWIFT_VERSION = 5.0;
				TARGETED_DEVICE_FAMILY = "1,2";
				TEST_HOST = "$(BUILT_PRODUCTS_DIR)/Foodie.app/$(BUNDLE_EXECUTABLE_FOLDER_PATH)/Foodie";
			};
			name = Debug;
		};
		3978D2F52B80C76A0017526C /* Release */ = {
			isa = XCBuildConfiguration;
			buildSettings = {
				ALWAYS_EMBED_SWIFT_STANDARD_LIBRARIES = YES;
				BUNDLE_LOADER = "$(TEST_HOST)";
				CODE_SIGN_STYLE = Automatic;
				CURRENT_PROJECT_VERSION = 1;
				DEVELOPMENT_TEAM = JX23VX3L67;
				GENERATE_INFOPLIST_FILE = YES;
				IPHONEOS_DEPLOYMENT_TARGET = 17.0;
				MACOSX_DEPLOYMENT_TARGET = 14.0;
				MARKETING_VERSION = 1.0;
				PRODUCT_BUNDLE_IDENTIFIER = Foodie.FoodieTests;
				PRODUCT_NAME = "$(TARGET_NAME)";
				SDKROOT = auto;
				SUPPORTED_PLATFORMS = "iphoneos iphonesimulator macosx";
				SWIFT_EMIT_LOC_STRINGS = NO;
				SWIFT_VERSION = 5.0;
				TARGETED_DEVICE_FAMILY = "1,2";
				TEST_HOST = "$(BUILT_PRODUCTS_DIR)/Foodie.app/$(BUNDLE_EXECUTABLE_FOLDER_PATH)/Foodie";
			};
			name = Release;
		};
		3978D2F72B80C76A0017526C /* Debug */ = {
			isa = XCBuildConfiguration;
			buildSettings = {
				ALWAYS_EMBED_SWIFT_STANDARD_LIBRARIES = YES;
				CODE_SIGN_STYLE = Automatic;
				CURRENT_PROJECT_VERSION = 1;
				DEVELOPMENT_TEAM = JX23VX3L67;
				GENERATE_INFOPLIST_FILE = YES;
				IPHONEOS_DEPLOYMENT_TARGET = 17.0;
				MACOSX_DEPLOYMENT_TARGET = 14.0;
				MARKETING_VERSION = 1.0;
				PRODUCT_BUNDLE_IDENTIFIER = Foodie.FoodieUITests;
				PRODUCT_NAME = "$(TARGET_NAME)";
				SDKROOT = auto;
				SUPPORTED_PLATFORMS = "iphoneos iphonesimulator macosx";
				SWIFT_EMIT_LOC_STRINGS = NO;
				SWIFT_VERSION = 5.0;
				TARGETED_DEVICE_FAMILY = "1,2";
				TEST_TARGET_NAME = Foodie;
			};
			name = Debug;
		};
		3978D2F82B80C76A0017526C /* Release */ = {
			isa = XCBuildConfiguration;
			buildSettings = {
				ALWAYS_EMBED_SWIFT_STANDARD_LIBRARIES = YES;
				CODE_SIGN_STYLE = Automatic;
				CURRENT_PROJECT_VERSION = 1;
				DEVELOPMENT_TEAM = JX23VX3L67;
				GENERATE_INFOPLIST_FILE = YES;
				IPHONEOS_DEPLOYMENT_TARGET = 17.0;
				MACOSX_DEPLOYMENT_TARGET = 14.0;
				MARKETING_VERSION = 1.0;
				PRODUCT_BUNDLE_IDENTIFIER = Foodie.FoodieUITests;
				PRODUCT_NAME = "$(TARGET_NAME)";
				SDKROOT = auto;
				SUPPORTED_PLATFORMS = "iphoneos iphonesimulator macosx";
				SWIFT_EMIT_LOC_STRINGS = NO;
				SWIFT_VERSION = 5.0;
				TARGETED_DEVICE_FAMILY = "1,2";
				TEST_TARGET_NAME = Foodie;
			};
			name = Release;
		};
/* End XCBuildConfiguration section */

/* Begin XCConfigurationList section */
		3978D2C12B80C7670017526C /* Build configuration list for PBXProject "Foodie" */ = {
			isa = XCConfigurationList;
			buildConfigurations = (
				3978D2EE2B80C76A0017526C /* Debug */,
				3978D2EF2B80C76A0017526C /* Release */,
			);
			defaultConfigurationIsVisible = 0;
			defaultConfigurationName = Release;
		};
		3978D2F02B80C76A0017526C /* Build configuration list for PBXNativeTarget "Foodie" */ = {
			isa = XCConfigurationList;
			buildConfigurations = (
				3978D2F12B80C76A0017526C /* Debug */,
				3978D2F22B80C76A0017526C /* Release */,
			);
			defaultConfigurationIsVisible = 0;
			defaultConfigurationName = Release;
		};
		3978D2F32B80C76A0017526C /* Build configuration list for PBXNativeTarget "FoodieTests" */ = {
			isa = XCConfigurationList;
			buildConfigurations = (
				3978D2F42B80C76A0017526C /* Debug */,
				3978D2F52B80C76A0017526C /* Release */,
			);
			defaultConfigurationIsVisible = 0;
			defaultConfigurationName = Release;
		};
		3978D2F62B80C76A0017526C /* Build configuration list for PBXNativeTarget "FoodieUITests" */ = {
			isa = XCConfigurationList;
			buildConfigurations = (
				3978D2F72B80C76A0017526C /* Debug */,
				3978D2F82B80C76A0017526C /* Release */,
			);
			defaultConfigurationIsVisible = 0;
			defaultConfigurationName = Release;
		};
/* End XCConfigurationList section */

/* Begin XCRemoteSwiftPackageReference section */
		3978D2F92B8116730017526C /* XCRemoteSwiftPackageReference "supabase-swift" */ = {
			isa = XCRemoteSwiftPackageReference;
			repositoryURL = "https://github.com/supabase-community/supabase-swift.git";
			requirement = {
				kind = upToNextMajorVersion;
				minimumVersion = 2.3.1;
			};
		};
/* End XCRemoteSwiftPackageReference section */

/* Begin XCSwiftPackageProductDependency section */
		3978D3012B811AF30017526C /* Auth */ = {
			isa = XCSwiftPackageProductDependency;
			package = 3978D2F92B8116730017526C /* XCRemoteSwiftPackageReference "supabase-swift" */;
			productName = Auth;
		};
		3978D3032B811AF30017526C /* Functions */ = {
			isa = XCSwiftPackageProductDependency;
			package = 3978D2F92B8116730017526C /* XCRemoteSwiftPackageReference "supabase-swift" */;
			productName = Functions;
		};
		3978D3052B811AF30017526C /* PostgREST */ = {
			isa = XCSwiftPackageProductDependency;
			package = 3978D2F92B8116730017526C /* XCRemoteSwiftPackageReference "supabase-swift" */;
			productName = PostgREST;
		};
		3978D3072B811AF30017526C /* Realtime */ = {
			isa = XCSwiftPackageProductDependency;
			package = 3978D2F92B8116730017526C /* XCRemoteSwiftPackageReference "supabase-swift" */;
			productName = Realtime;
		};
		3978D3092B811AF30017526C /* Storage */ = {
			isa = XCSwiftPackageProductDependency;
			package = 3978D2F92B8116730017526C /* XCRemoteSwiftPackageReference "supabase-swift" */;
			productName = Storage;
		};
		3978D30B2B811AF30017526C /* Supabase */ = {
			isa = XCSwiftPackageProductDependency;
			package = 3978D2F92B8116730017526C /* XCRemoteSwiftPackageReference "supabase-swift" */;
			productName = Supabase;
		};
/* End XCSwiftPackageProductDependency section */

/* Begin XCVersionGroup section */
		3978D2CD2B80C7670017526C /* Foodie.xcdatamodeld */ = {
			isa = XCVersionGroup;
			children = (
				3978D2CE2B80C7670017526C /* Foodie.xcdatamodel */,
			);
			currentVersion = 3978D2CE2B80C7670017526C /* Foodie.xcdatamodel */;
			path = Foodie.xcdatamodeld;
			sourceTree = "<group>";
			versionGroupType = wrapper.xcdatamodel;
		};
/* End XCVersionGroup section */
	};
	rootObject = 3978D2BE2B80C7670017526C /* Project object */;
}
